<<<<<<< HEAD
github.com/unxed/goffi v0.1.9 h1:+AQ7B0iGTLNydPa3kWY0+Ok5JTwtbKR2NVBi/oPtRFM=
github.com/unxed/goffi v0.1.9/go.mod h1:5yfNuseCh+0XTe9cbg8lGtZtOA12DU+Nm9Vfp6IDnFo=
=======
github.com/unxed/goffi v0.1.7 h1:YKcu0Iik6cD4Zg9U3Zew+3E5d1s4EETVpqEDRytnNdA=
github.com/unxed/goffi v0.1.7/go.mod h1:5yfNuseCh+0XTe9cbg8lGtZtOA12DU+Nm9Vfp6IDnFo=

github.com/unxed/goffi v0.1.9-0.20260924065738-6dc0842bfac6 h1:FN0DWz1nIfKQVBMcznI64NFI0yM4CEv8E0yZB8g5tcM=
github.com/unxed/goffi v0.1.9-0.20260924065738-6dc0842bfac6/go.mod h1:5yfNuseCh+0XTe9cbg8lGtZtOA12DU+Nm9Vfp6IDnFo=
>>>>>>> e11eecd4d6bdf66b2f1c1fc8491c505367a58e9c
